// !$*UTF8*$!
{
	archiveVersion = 1;
	classes = {
	};
	objectVersion = 50;
	objects = {

/* Begin PBXBuildFile section */
		4FDCFD770271B8ADF6554C7F /* Pods_24TodoTests.framework in Frameworks */ = {isa = PBXBuildFile; fileRef = 9FBA7F6341D789AC9F873FB8 /* Pods_24TodoTests.framework */; };
		5C75C57879BFAB2D21F9ADEB /* Pods_24TodoUITests.framework in Frameworks */ = {isa = PBXBuildFile; fileRef = 6B76C01B9F8443C71864F055 /* Pods_24TodoUITests.framework */; };
		A429A5E42259046B00C4AB81 /* Date.swift in Sources */ = {isa = PBXBuildFile; fileRef = A429A5E32259046B00C4AB81 /* Date.swift */; };
		A429A5E82259056A00C4AB81 /* CustomCalendarDayLayout.swift in Sources */ = {isa = PBXBuildFile; fileRef = A429A5E72259056A00C4AB81 /* CustomCalendarDayLayout.swift */; };
		A429A5EA22593D8800C4AB81 /* HourDecorationView.swift in Sources */ = {isa = PBXBuildFile; fileRef = A429A5E922593D8800C4AB81 /* HourDecorationView.swift */; };
		A429A5EF22594F6F00C4AB81 /* Protocols.swift in Sources */ = {isa = PBXBuildFile; fileRef = A429A5EE22594F6F00C4AB81 /* Protocols.swift */; };
		A429A5F122594FBC00C4AB81 /* HourDecorationViewAttributes.swift in Sources */ = {isa = PBXBuildFile; fileRef = A429A5F022594FBC00C4AB81 /* HourDecorationViewAttributes.swift */; };
		A429A606225970FD00C4AB81 /* Montserrat-ExtraLight.ttf in Resources */ = {isa = PBXBuildFile; fileRef = A429A5F4225970FC00C4AB81 /* Montserrat-ExtraLight.ttf */; };
		A429A609225970FD00C4AB81 /* Montserrat-Black.ttf in Resources */ = {isa = PBXBuildFile; fileRef = A429A5F7225970FC00C4AB81 /* Montserrat-Black.ttf */; };
		A429A60C225970FD00C4AB81 /* Montserrat-Thin.ttf in Resources */ = {isa = PBXBuildFile; fileRef = A429A5FA225970FC00C4AB81 /* Montserrat-Thin.ttf */; };
		A429A60D225970FD00C4AB81 /* Montserrat-SemiBold.ttf in Resources */ = {isa = PBXBuildFile; fileRef = A429A5FB225970FC00C4AB81 /* Montserrat-SemiBold.ttf */; };
		A429A610225970FD00C4AB81 /* Montserrat-Light.ttf in Resources */ = {isa = PBXBuildFile; fileRef = A429A5FE225970FD00C4AB81 /* Montserrat-Light.ttf */; };
		A429A612225970FD00C4AB81 /* Montserrat-Bold.ttf in Resources */ = {isa = PBXBuildFile; fileRef = A429A600225970FD00C4AB81 /* Montserrat-Bold.ttf */; };
		A429A613225970FD00C4AB81 /* Montserrat-Regular.ttf in Resources */ = {isa = PBXBuildFile; fileRef = A429A601225970FD00C4AB81 /* Montserrat-Regular.ttf */; };
		A429A615225970FD00C4AB81 /* Montserrat-Medium.ttf in Resources */ = {isa = PBXBuildFile; fileRef = A429A603225970FD00C4AB81 /* Montserrat-Medium.ttf */; };
		A429A616225970FD00C4AB81 /* Montserrat-ExtraBold.ttf in Resources */ = {isa = PBXBuildFile; fileRef = A429A604225970FD00C4AB81 /* Montserrat-ExtraBold.ttf */; };
		A429A618225971AF00C4AB81 /* Theme.swift in Sources */ = {isa = PBXBuildFile; fileRef = A429A617225971AF00C4AB81 /* Theme.swift */; };
		A429A61A225985D700C4AB81 /* UITextField.swift in Sources */ = {isa = PBXBuildFile; fileRef = A429A619225985D700C4AB81 /* UITextField.swift */; };
		A429A6492259CD8300C4AB81 /* AlwaysLargeNavController.swift in Sources */ = {isa = PBXBuildFile; fileRef = A429A6482259CD8300C4AB81 /* AlwaysLargeNavController.swift */; };
		A429A64B225A76F800C4AB81 /* ItemViewController.swift in Sources */ = {isa = PBXBuildFile; fileRef = A429A64A225A76F800C4AB81 /* ItemViewController.swift */; };
		A429A64F225AA82200C4AB81 /* NamedUITextView.swift in Sources */ = {isa = PBXBuildFile; fileRef = A429A64E225AA82200C4AB81 /* NamedUITextView.swift */; };
		A429A652225AA91F00C4AB81 /* Enums.swift in Sources */ = {isa = PBXBuildFile; fileRef = A429A651225AA91F00C4AB81 /* Enums.swift */; };
		A429A656225AB28E00C4AB81 /* InputAccessoryView.swift in Sources */ = {isa = PBXBuildFile; fileRef = A429A655225AB28E00C4AB81 /* InputAccessoryView.swift */; };
		A429A65A225AD51800C4AB81 /* Data.swift in Sources */ = {isa = PBXBuildFile; fileRef = A429A659225AD51800C4AB81 /* Data.swift */; };
		A429A661225AFDA900C4AB81 /* ItemCompletionAnimation_green.json in Resources */ = {isa = PBXBuildFile; fileRef = A429A65B225AFDA900C4AB81 /* ItemCompletionAnimation_green.json */; };
		A429A662225AFDA900C4AB81 /* ItemCompletionAnimation_gold.json in Resources */ = {isa = PBXBuildFile; fileRef = A429A65C225AFDA900C4AB81 /* ItemCompletionAnimation_gold.json */; };
		A429A663225AFDA900C4AB81 /* ItemCompletionAnimation_red.json in Resources */ = {isa = PBXBuildFile; fileRef = A429A65D225AFDA900C4AB81 /* ItemCompletionAnimation_red.json */; };
		A429A664225AFDA900C4AB81 /* ItemCompletionAnimation_orange.json in Resources */ = {isa = PBXBuildFile; fileRef = A429A65E225AFDA900C4AB81 /* ItemCompletionAnimation_orange.json */; };
		A429A665225AFDA900C4AB81 /* ItemCompletionAnimation_purple.json in Resources */ = {isa = PBXBuildFile; fileRef = A429A65F225AFDA900C4AB81 /* ItemCompletionAnimation_purple.json */; };
		A429A666225AFDA900C4AB81 /* ItemCompletionAnimation_blue.json in Resources */ = {isa = PBXBuildFile; fileRef = A429A660225AFDA900C4AB81 /* ItemCompletionAnimation_blue.json */; };
		A429A668225B236800C4AB81 /* ColorPickerView.swift in Sources */ = {isa = PBXBuildFile; fileRef = A429A667225B236800C4AB81 /* ColorPickerView.swift */; };
		A44F7EDE224468D800E48FE9 /* AppDelegate.swift in Sources */ = {isa = PBXBuildFile; fileRef = A44F7EDD224468D800E48FE9 /* AppDelegate.swift */; };
		A44F7EE0224468D800E48FE9 /* MainViewController.swift in Sources */ = {isa = PBXBuildFile; fileRef = A44F7EDF224468D800E48FE9 /* MainViewController.swift */; };
		A44F7EE6224468D800E48FE9 /* _4Todo.xcdatamodeld in Sources */ = {isa = PBXBuildFile; fileRef = A44F7EE4224468D800E48FE9 /* _4Todo.xcdatamodeld */; };
		A44F7EE8224468D800E48FE9 /* Assets.xcassets in Resources */ = {isa = PBXBuildFile; fileRef = A44F7EE7224468D800E48FE9 /* Assets.xcassets */; };
		A44F7EF6224468D800E48FE9 /* _4TodoTests.swift in Sources */ = {isa = PBXBuildFile; fileRef = A44F7EF5224468D800E48FE9 /* _4TodoTests.swift */; };
		A44F7F01224468D800E48FE9 /* _4TodoUITests.swift in Sources */ = {isa = PBXBuildFile; fileRef = A44F7F00224468D800E48FE9 /* _4TodoUITests.swift */; };
		A44F7F0F22446A0B00E48FE9 /* ListView.swift in Sources */ = {isa = PBXBuildFile; fileRef = A44F7F0E22446A0B00E48FE9 /* ListView.swift */; };
		A471E016224ECC0700AA30B0 /* Item.swift in Sources */ = {isa = PBXBuildFile; fileRef = A471E015224ECC0700AA30B0 /* Item.swift */; };
		A471E01B224F055A00AA30B0 /* ItemCell.swift in Sources */ = {isa = PBXBuildFile; fileRef = A471E01A224F055A00AA30B0 /* ItemCell.swift */; };
		A471E01E224F146D00AA30B0 /* Notifications.swift in Sources */ = {isa = PBXBuildFile; fileRef = A471E01D224F146D00AA30B0 /* Notifications.swift */; };
		A471E020224F186300AA30B0 /* ItemView.swift in Sources */ = {isa = PBXBuildFile; fileRef = A471E01F224F186300AA30B0 /* ItemView.swift */; };
		A471E0222251ADC500AA30B0 /* DayView.swift in Sources */ = {isa = PBXBuildFile; fileRef = A471E0212251ADC500AA30B0 /* DayView.swift */; };
		A4FC5DE22256CFDA007E6542 /* UIimageView.swift in Sources */ = {isa = PBXBuildFile; fileRef = A4FC5DDF2256CFDA007E6542 /* UIimageView.swift */; };
		A4FC5DE32256CFDA007E6542 /* UIView.swift in Sources */ = {isa = PBXBuildFile; fileRef = A4FC5DE02256CFDA007E6542 /* UIView.swift */; };
		A4FC5DE42256CFDA007E6542 /* UIColor.swift in Sources */ = {isa = PBXBuildFile; fileRef = A4FC5DE12256CFDA007E6542 /* UIColor.swift */; };
		E707F5E6D53332C5F7B71C6D /* Pods_24Todo.framework in Frameworks */ = {isa = PBXBuildFile; fileRef = 2655C496F77CD4D0C78D10E8 /* Pods_24Todo.framework */; };
/* End PBXBuildFile section */

/* Begin PBXContainerItemProxy section */
		A44F7EF2224468D800E48FE9 /* PBXContainerItemProxy */ = {
			isa = PBXContainerItemProxy;
			containerPortal = A44F7ED2224468D800E48FE9 /* Project object */;
			proxyType = 1;
			remoteGlobalIDString = A44F7ED9224468D800E48FE9;
			remoteInfo = 24Todo;
		};
		A44F7EFD224468D800E48FE9 /* PBXContainerItemProxy */ = {
			isa = PBXContainerItemProxy;
			containerPortal = A44F7ED2224468D800E48FE9 /* Project object */;
			proxyType = 1;
			remoteGlobalIDString = A44F7ED9224468D800E48FE9;
			remoteInfo = 24Todo;
		};
/* End PBXContainerItemProxy section */

/* Begin PBXFileReference section */
		18468607C2839FF597CCE7FE /* Pods-24TodoUITests.debug.xcconfig */ = {isa = PBXFileReference; includeInIndex = 1; lastKnownFileType = text.xcconfig; name = "Pods-24TodoUITests.debug.xcconfig"; path = "Pods/Target Support Files/Pods-24TodoUITests/Pods-24TodoUITests.debug.xcconfig"; sourceTree = "<group>"; };
		2655C496F77CD4D0C78D10E8 /* Pods_24Todo.framework */ = {isa = PBXFileReference; explicitFileType = wrapper.framework; includeInIndex = 0; path = Pods_24Todo.framework; sourceTree = BUILT_PRODUCTS_DIR; };
		34DEC6B73B583F673E675031 /* Pods-24TodoUITests.release.xcconfig */ = {isa = PBXFileReference; includeInIndex = 1; lastKnownFileType = text.xcconfig; name = "Pods-24TodoUITests.release.xcconfig"; path = "Pods/Target Support Files/Pods-24TodoUITests/Pods-24TodoUITests.release.xcconfig"; sourceTree = "<group>"; };
		3C3F1B21C11B2B19A72A06DC /* Pods-24Todo.release.xcconfig */ = {isa = PBXFileReference; includeInIndex = 1; lastKnownFileType = text.xcconfig; name = "Pods-24Todo.release.xcconfig"; path = "Pods/Target Support Files/Pods-24Todo/Pods-24Todo.release.xcconfig"; sourceTree = "<group>"; };
		6B76C01B9F8443C71864F055 /* Pods_24TodoUITests.framework */ = {isa = PBXFileReference; explicitFileType = wrapper.framework; includeInIndex = 0; path = Pods_24TodoUITests.framework; sourceTree = BUILT_PRODUCTS_DIR; };
		9FBA7F6341D789AC9F873FB8 /* Pods_24TodoTests.framework */ = {isa = PBXFileReference; explicitFileType = wrapper.framework; includeInIndex = 0; path = Pods_24TodoTests.framework; sourceTree = BUILT_PRODUCTS_DIR; };
		A429A5E32259046B00C4AB81 /* Date.swift */ = {isa = PBXFileReference; lastKnownFileType = sourcecode.swift; path = Date.swift; sourceTree = "<group>"; };
		A429A5E72259056A00C4AB81 /* CustomCalendarDayLayout.swift */ = {isa = PBXFileReference; lastKnownFileType = sourcecode.swift; path = CustomCalendarDayLayout.swift; sourceTree = "<group>"; };
		A429A5E922593D8800C4AB81 /* HourDecorationView.swift */ = {isa = PBXFileReference; lastKnownFileType = sourcecode.swift; path = HourDecorationView.swift; sourceTree = "<group>"; };
		A429A5EE22594F6F00C4AB81 /* Protocols.swift */ = {isa = PBXFileReference; lastKnownFileType = sourcecode.swift; path = Protocols.swift; sourceTree = "<group>"; };
		A429A5F022594FBC00C4AB81 /* HourDecorationViewAttributes.swift */ = {isa = PBXFileReference; lastKnownFileType = sourcecode.swift; path = HourDecorationViewAttributes.swift; sourceTree = "<group>"; };
		A429A5F4225970FC00C4AB81 /* Montserrat-ExtraLight.ttf */ = {isa = PBXFileReference; lastKnownFileType = file; path = "Montserrat-ExtraLight.ttf"; sourceTree = "<group>"; };
		A429A5F7225970FC00C4AB81 /* Montserrat-Black.ttf */ = {isa = PBXFileReference; lastKnownFileType = file; path = "Montserrat-Black.ttf"; sourceTree = "<group>"; };
		A429A5FA225970FC00C4AB81 /* Montserrat-Thin.ttf */ = {isa = PBXFileReference; lastKnownFileType = file; path = "Montserrat-Thin.ttf"; sourceTree = "<group>"; };
		A429A5FB225970FC00C4AB81 /* Montserrat-SemiBold.ttf */ = {isa = PBXFileReference; lastKnownFileType = file; path = "Montserrat-SemiBold.ttf"; sourceTree = "<group>"; };
		A429A5FE225970FD00C4AB81 /* Montserrat-Light.ttf */ = {isa = PBXFileReference; lastKnownFileType = file; path = "Montserrat-Light.ttf"; sourceTree = "<group>"; };
		A429A600225970FD00C4AB81 /* Montserrat-Bold.ttf */ = {isa = PBXFileReference; lastKnownFileType = file; path = "Montserrat-Bold.ttf"; sourceTree = "<group>"; };
		A429A601225970FD00C4AB81 /* Montserrat-Regular.ttf */ = {isa = PBXFileReference; lastKnownFileType = file; path = "Montserrat-Regular.ttf"; sourceTree = "<group>"; };
		A429A603225970FD00C4AB81 /* Montserrat-Medium.ttf */ = {isa = PBXFileReference; lastKnownFileType = file; path = "Montserrat-Medium.ttf"; sourceTree = "<group>"; };
		A429A604225970FD00C4AB81 /* Montserrat-ExtraBold.ttf */ = {isa = PBXFileReference; lastKnownFileType = file; path = "Montserrat-ExtraBold.ttf"; sourceTree = "<group>"; };
		A429A617225971AF00C4AB81 /* Theme.swift */ = {isa = PBXFileReference; lastKnownFileType = sourcecode.swift; path = Theme.swift; sourceTree = "<group>"; };
		A429A619225985D700C4AB81 /* UITextField.swift */ = {isa = PBXFileReference; lastKnownFileType = sourcecode.swift; path = UITextField.swift; sourceTree = "<group>"; };
		A429A6482259CD8300C4AB81 /* AlwaysLargeNavController.swift */ = {isa = PBXFileReference; lastKnownFileType = sourcecode.swift; path = AlwaysLargeNavController.swift; sourceTree = "<group>"; };
		A429A64A225A76F800C4AB81 /* ItemViewController.swift */ = {isa = PBXFileReference; lastKnownFileType = sourcecode.swift; path = ItemViewController.swift; sourceTree = "<group>"; };
		A429A64E225AA82200C4AB81 /* NamedUITextView.swift */ = {isa = PBXFileReference; lastKnownFileType = sourcecode.swift; name = NamedUITextView.swift; path = "/Users/prudhvi/Google Drive/Code/_Swift/24Todo/24Todo/CustomClasses/NamedUITextView.swift"; sourceTree = "<absolute>"; };
		A429A651225AA91F00C4AB81 /* Enums.swift */ = {isa = PBXFileReference; lastKnownFileType = sourcecode.swift; path = Enums.swift; sourceTree = "<group>"; };
		A429A655225AB28E00C4AB81 /* InputAccessoryView.swift */ = {isa = PBXFileReference; lastKnownFileType = sourcecode.swift; path = InputAccessoryView.swift; sourceTree = "<group>"; };
		A429A659225AD51800C4AB81 /* Data.swift */ = {isa = PBXFileReference; lastKnownFileType = sourcecode.swift; path = Data.swift; sourceTree = "<group>"; };
		A429A65B225AFDA900C4AB81 /* ItemCompletionAnimation_green.json */ = {isa = PBXFileReference; fileEncoding = 4; lastKnownFileType = text.json; path = ItemCompletionAnimation_green.json; sourceTree = "<group>"; };
		A429A65C225AFDA900C4AB81 /* ItemCompletionAnimation_gold.json */ = {isa = PBXFileReference; fileEncoding = 4; lastKnownFileType = text.json; path = ItemCompletionAnimation_gold.json; sourceTree = "<group>"; };
		A429A65D225AFDA900C4AB81 /* ItemCompletionAnimation_red.json */ = {isa = PBXFileReference; fileEncoding = 4; lastKnownFileType = text.json; path = ItemCompletionAnimation_red.json; sourceTree = "<group>"; };
		A429A65E225AFDA900C4AB81 /* ItemCompletionAnimation_orange.json */ = {isa = PBXFileReference; fileEncoding = 4; lastKnownFileType = text.json; path = ItemCompletionAnimation_orange.json; sourceTree = "<group>"; };
		A429A65F225AFDA900C4AB81 /* ItemCompletionAnimation_purple.json */ = {isa = PBXFileReference; fileEncoding = 4; lastKnownFileType = text.json; path = ItemCompletionAnimation_purple.json; sourceTree = "<group>"; };
		A429A660225AFDA900C4AB81 /* ItemCompletionAnimation_blue.json */ = {isa = PBXFileReference; fileEncoding = 4; lastKnownFileType = text.json; path = ItemCompletionAnimation_blue.json; sourceTree = "<group>"; };
		A429A667225B236800C4AB81 /* ColorPickerView.swift */ = {isa = PBXFileReference; lastKnownFileType = sourcecode.swift; path = ColorPickerView.swift; sourceTree = "<group>"; };
		A44F7EDA224468D800E48FE9 /* 24Todo.app */ = {isa = PBXFileReference; explicitFileType = wrapper.application; includeInIndex = 0; path = 24Todo.app; sourceTree = BUILT_PRODUCTS_DIR; };
		A44F7EDD224468D800E48FE9 /* AppDelegate.swift */ = {isa = PBXFileReference; lastKnownFileType = sourcecode.swift; path = AppDelegate.swift; sourceTree = "<group>"; };
		A44F7EDF224468D800E48FE9 /* MainViewController.swift */ = {isa = PBXFileReference; lastKnownFileType = sourcecode.swift; path = MainViewController.swift; sourceTree = "<group>"; };
		A44F7EE5224468D800E48FE9 /* _4Todo.xcdatamodel */ = {isa = PBXFileReference; lastKnownFileType = wrapper.xcdatamodel; path = _4Todo.xcdatamodel; sourceTree = "<group>"; };
		A44F7EE7224468D800E48FE9 /* Assets.xcassets */ = {isa = PBXFileReference; lastKnownFileType = folder.assetcatalog; path = Assets.xcassets; sourceTree = "<group>"; };
		A44F7EEC224468D800E48FE9 /* Info.plist */ = {isa = PBXFileReference; lastKnownFileType = text.plist.xml; path = Info.plist; sourceTree = "<group>"; };
		A44F7EF1224468D800E48FE9 /* 24TodoTests.xctest */ = {isa = PBXFileReference; explicitFileType = wrapper.cfbundle; includeInIndex = 0; path = 24TodoTests.xctest; sourceTree = BUILT_PRODUCTS_DIR; };
		A44F7EF5224468D800E48FE9 /* _4TodoTests.swift */ = {isa = PBXFileReference; lastKnownFileType = sourcecode.swift; path = _4TodoTests.swift; sourceTree = "<group>"; };
		A44F7EF7224468D800E48FE9 /* Info.plist */ = {isa = PBXFileReference; lastKnownFileType = text.plist.xml; path = Info.plist; sourceTree = "<group>"; };
		A44F7EFC224468D800E48FE9 /* 24TodoUITests.xctest */ = {isa = PBXFileReference; explicitFileType = wrapper.cfbundle; includeInIndex = 0; path = 24TodoUITests.xctest; sourceTree = BUILT_PRODUCTS_DIR; };
		A44F7F00224468D800E48FE9 /* _4TodoUITests.swift */ = {isa = PBXFileReference; lastKnownFileType = sourcecode.swift; path = _4TodoUITests.swift; sourceTree = "<group>"; };
		A44F7F02224468D800E48FE9 /* Info.plist */ = {isa = PBXFileReference; lastKnownFileType = text.plist.xml; path = Info.plist; sourceTree = "<group>"; };
		A44F7F0E22446A0B00E48FE9 /* ListView.swift */ = {isa = PBXFileReference; lastKnownFileType = sourcecode.swift; path = ListView.swift; sourceTree = "<group>"; };
		A471E015224ECC0700AA30B0 /* Item.swift */ = {isa = PBXFileReference; lastKnownFileType = sourcecode.swift; path = Item.swift; sourceTree = "<group>"; };
		A471E01A224F055A00AA30B0 /* ItemCell.swift */ = {isa = PBXFileReference; lastKnownFileType = sourcecode.swift; path = ItemCell.swift; sourceTree = "<group>"; };
		A471E01D224F146D00AA30B0 /* Notifications.swift */ = {isa = PBXFileReference; lastKnownFileType = sourcecode.swift; path = Notifications.swift; sourceTree = "<group>"; };
		A471E01F224F186300AA30B0 /* ItemView.swift */ = {isa = PBXFileReference; lastKnownFileType = sourcecode.swift; path = ItemView.swift; sourceTree = "<group>"; };
		A471E0212251ADC500AA30B0 /* DayView.swift */ = {isa = PBXFileReference; lastKnownFileType = sourcecode.swift; path = DayView.swift; sourceTree = "<group>"; };
		A4FC5DDF2256CFDA007E6542 /* UIimageView.swift */ = {isa = PBXFileReference; fileEncoding = 4; lastKnownFileType = sourcecode.swift; path = UIimageView.swift; sourceTree = "<group>"; };
		A4FC5DE02256CFDA007E6542 /* UIView.swift */ = {isa = PBXFileReference; fileEncoding = 4; lastKnownFileType = sourcecode.swift; path = UIView.swift; sourceTree = "<group>"; };
		A4FC5DE12256CFDA007E6542 /* UIColor.swift */ = {isa = PBXFileReference; fileEncoding = 4; lastKnownFileType = sourcecode.swift; path = UIColor.swift; sourceTree = "<group>"; };
		CE97EF3750DA7EE15013107B /* Pods-24Todo.debug.xcconfig */ = {isa = PBXFileReference; includeInIndex = 1; lastKnownFileType = text.xcconfig; name = "Pods-24Todo.debug.xcconfig"; path = "Pods/Target Support Files/Pods-24Todo/Pods-24Todo.debug.xcconfig"; sourceTree = "<group>"; };
		EDEEF0FA2EABA2465675D0D3 /* Pods-24TodoTests.debug.xcconfig */ = {isa = PBXFileReference; includeInIndex = 1; lastKnownFileType = text.xcconfig; name = "Pods-24TodoTests.debug.xcconfig"; path = "Pods/Target Support Files/Pods-24TodoTests/Pods-24TodoTests.debug.xcconfig"; sourceTree = "<group>"; };
		F1CBDD0F4A9D3E6632A6E187 /* Pods-24TodoTests.release.xcconfig */ = {isa = PBXFileReference; includeInIndex = 1; lastKnownFileType = text.xcconfig; name = "Pods-24TodoTests.release.xcconfig"; path = "Pods/Target Support Files/Pods-24TodoTests/Pods-24TodoTests.release.xcconfig"; sourceTree = "<group>"; };
/* End PBXFileReference section */

/* Begin PBXFrameworksBuildPhase section */
		A44F7ED7224468D800E48FE9 /* Frameworks */ = {
			isa = PBXFrameworksBuildPhase;
			buildActionMask = 2147483647;
			files = (
				E707F5E6D53332C5F7B71C6D /* Pods_24Todo.framework in Frameworks */,
			);
			runOnlyForDeploymentPostprocessing = 0;
		};
		A44F7EEE224468D800E48FE9 /* Frameworks */ = {
			isa = PBXFrameworksBuildPhase;
			buildActionMask = 2147483647;
			files = (
				4FDCFD770271B8ADF6554C7F /* Pods_24TodoTests.framework in Frameworks */,
			);
			runOnlyForDeploymentPostprocessing = 0;
		};
		A44F7EF9224468D800E48FE9 /* Frameworks */ = {
			isa = PBXFrameworksBuildPhase;
			buildActionMask = 2147483647;
			files = (
				5C75C57879BFAB2D21F9ADEB /* Pods_24TodoUITests.framework in Frameworks */,
			);
			runOnlyForDeploymentPostprocessing = 0;
		};
/* End PBXFrameworksBuildPhase section */

/* Begin PBXGroup section */
		53DC4E9B4ACA5E12315D3222 /* Frameworks */ = {
			isa = PBXGroup;
			children = (
				2655C496F77CD4D0C78D10E8 /* Pods_24Todo.framework */,
				9FBA7F6341D789AC9F873FB8 /* Pods_24TodoTests.framework */,
				6B76C01B9F8443C71864F055 /* Pods_24TodoUITests.framework */,
			);
			name = Frameworks;
			sourceTree = "<group>";
		};
		A429A5E52259053900C4AB81 /* Cells */ = {
			isa = PBXGroup;
			children = (
				A471E01A224F055A00AA30B0 /* ItemCell.swift */,
			);
			path = Cells;
			sourceTree = "<group>";
		};
		A429A5ED22594F5600C4AB81 /* Protocols */ = {
			isa = PBXGroup;
			children = (
				A429A5EE22594F6F00C4AB81 /* Protocols.swift */,
			);
			path = Protocols;
			sourceTree = "<group>";
		};
		A429A5F22259707700C4AB81 /* Fonts */ = {
			isa = PBXGroup;
			children = (
				A429A5F7225970FC00C4AB81 /* Montserrat-Black.ttf */,
				A429A600225970FD00C4AB81 /* Montserrat-Bold.ttf */,
				A429A604225970FD00C4AB81 /* Montserrat-ExtraBold.ttf */,
				A429A5F4225970FC00C4AB81 /* Montserrat-ExtraLight.ttf */,
				A429A5FE225970FD00C4AB81 /* Montserrat-Light.ttf */,
				A429A603225970FD00C4AB81 /* Montserrat-Medium.ttf */,
				A429A601225970FD00C4AB81 /* Montserrat-Regular.ttf */,
				A429A5FB225970FC00C4AB81 /* Montserrat-SemiBold.ttf */,
				A429A5FA225970FC00C4AB81 /* Montserrat-Thin.ttf */,
			);
			path = Fonts;
			sourceTree = "<group>";
		};
		A429A6452259B1D400C4AB81 /* Animations */ = {
			isa = PBXGroup;
			children = (
				A429A660225AFDA900C4AB81 /* ItemCompletionAnimation_blue.json */,
				A429A65C225AFDA900C4AB81 /* ItemCompletionAnimation_gold.json */,
				A429A65B225AFDA900C4AB81 /* ItemCompletionAnimation_green.json */,
				A429A65E225AFDA900C4AB81 /* ItemCompletionAnimation_orange.json */,
				A429A65F225AFDA900C4AB81 /* ItemCompletionAnimation_purple.json */,
				A429A65D225AFDA900C4AB81 /* ItemCompletionAnimation_red.json */,
			);
			path = Animations;
			sourceTree = "<group>";
		};
		A429A650225AA90D00C4AB81 /* Enums */ = {
			isa = PBXGroup;
			children = (
				A429A651225AA91F00C4AB81 /* Enums.swift */,
			);
			path = Enums;
			sourceTree = "<group>";
		};
		A44F7ED1224468D800E48FE9 = {
			isa = PBXGroup;
			children = (
				A44F7EDC224468D800E48FE9 /* 24Todo */,
				A44F7EF4224468D800E48FE9 /* 24TodoTests */,
				A44F7EFF224468D800E48FE9 /* 24TodoUITests */,
				A44F7EDB224468D800E48FE9 /* Products */,
				DF2B8614C50CED0DEFC2F65F /* Pods */,
				53DC4E9B4ACA5E12315D3222 /* Frameworks */,
			);
			sourceTree = "<group>";
		};
		A44F7EDB224468D800E48FE9 /* Products */ = {
			isa = PBXGroup;
			children = (
				A44F7EDA224468D800E48FE9 /* 24Todo.app */,
				A44F7EF1224468D800E48FE9 /* 24TodoTests.xctest */,
				A44F7EFC224468D800E48FE9 /* 24TodoUITests.xctest */,
			);
			name = Products;
			sourceTree = "<group>";
		};
		A44F7EDC224468D800E48FE9 /* 24Todo */ = {
			isa = PBXGroup;
			children = (
				A44F7EDD224468D800E48FE9 /* AppDelegate.swift */,
				A471E019224EE10400AA30B0 /* Models */,
				A471E018224EE10100AA30B0 /* Views */,
				A471E017224EE0FC00AA30B0 /* Controllers */,
				A429A5E52259053900C4AB81 /* Cells */,
				A429A5ED22594F5600C4AB81 /* Protocols */,
				A4FC5E0A22571697007E6542 /* CustomClasses */,
				A471E01C224F145200AA30B0 /* Extensions */,
				A429A650225AA90D00C4AB81 /* Enums */,
				A4FC5E0922571686007E6542 /* Resources */,
				A44F7EE7224468D800E48FE9 /* Assets.xcassets */,
				A44F7EEC224468D800E48FE9 /* Info.plist */,
				A44F7EE4224468D800E48FE9 /* _4Todo.xcdatamodeld */,
			);
			path = 24Todo;
			sourceTree = "<group>";
		};
		A44F7EF4224468D800E48FE9 /* 24TodoTests */ = {
			isa = PBXGroup;
			children = (
				A44F7EF5224468D800E48FE9 /* _4TodoTests.swift */,
				A44F7EF7224468D800E48FE9 /* Info.plist */,
			);
			path = 24TodoTests;
			sourceTree = "<group>";
		};
		A44F7EFF224468D800E48FE9 /* 24TodoUITests */ = {
			isa = PBXGroup;
			children = (
				A44F7F00224468D800E48FE9 /* _4TodoUITests.swift */,
				A44F7F02224468D800E48FE9 /* Info.plist */,
			);
			path = 24TodoUITests;
			sourceTree = "<group>";
		};
		A471E017224EE0FC00AA30B0 /* Controllers */ = {
			isa = PBXGroup;
			children = (
				A44F7EDF224468D800E48FE9 /* MainViewController.swift */,
				A429A64A225A76F800C4AB81 /* ItemViewController.swift */,
			);
			path = Controllers;
			sourceTree = "<group>";
		};
		A471E018224EE10100AA30B0 /* Views */ = {
			isa = PBXGroup;
			children = (
				A44F7F0E22446A0B00E48FE9 /* ListView.swift */,
				A471E0212251ADC500AA30B0 /* DayView.swift */,
				A471E01F224F186300AA30B0 /* ItemView.swift */,
				A429A5E922593D8800C4AB81 /* HourDecorationView.swift */,
				A429A667225B236800C4AB81 /* ColorPickerView.swift */,
			);
			path = Views;
			sourceTree = "<group>";
		};
		A471E019224EE10400AA30B0 /* Models */ = {
			isa = PBXGroup;
			children = (
				A471E015224ECC0700AA30B0 /* Item.swift */,
			);
			path = Models;
			sourceTree = "<group>";
		};
		A471E01C224F145200AA30B0 /* Extensions */ = {
			isa = PBXGroup;
			children = (
				A4FC5DE02256CFDA007E6542 /* UIView.swift */,
				A4FC5DE12256CFDA007E6542 /* UIColor.swift */,
				A4FC5DDF2256CFDA007E6542 /* UIimageView.swift */,
				A471E01D224F146D00AA30B0 /* Notifications.swift */,
				A429A5E32259046B00C4AB81 /* Date.swift */,
				A429A619225985D700C4AB81 /* UITextField.swift */,
			);
			path = Extensions;
			sourceTree = "<group>";
		};
		A4FC5E0922571686007E6542 /* Resources */ = {
			isa = PBXGroup;
			children = (
				A429A659225AD51800C4AB81 /* Data.swift */,
				A429A617225971AF00C4AB81 /* Theme.swift */,
				A429A6452259B1D400C4AB81 /* Animations */,
				A429A5F22259707700C4AB81 /* Fonts */,
			);
			path = Resources;
			sourceTree = "<group>";
		};
		A4FC5E0A22571697007E6542 /* CustomClasses */ = {
			isa = PBXGroup;
			children = (
				A429A64E225AA82200C4AB81 /* NamedUITextView.swift */,
				A429A5E72259056A00C4AB81 /* CustomCalendarDayLayout.swift */,
				A429A5F022594FBC00C4AB81 /* HourDecorationViewAttributes.swift */,
				A429A6482259CD8300C4AB81 /* AlwaysLargeNavController.swift */,
				A429A655225AB28E00C4AB81 /* InputAccessoryView.swift */,
			);
			path = CustomClasses;
			sourceTree = "<group>";
		};
		DF2B8614C50CED0DEFC2F65F /* Pods */ = {
			isa = PBXGroup;
			children = (
				CE97EF3750DA7EE15013107B /* Pods-24Todo.debug.xcconfig */,
				3C3F1B21C11B2B19A72A06DC /* Pods-24Todo.release.xcconfig */,
				EDEEF0FA2EABA2465675D0D3 /* Pods-24TodoTests.debug.xcconfig */,
				F1CBDD0F4A9D3E6632A6E187 /* Pods-24TodoTests.release.xcconfig */,
				18468607C2839FF597CCE7FE /* Pods-24TodoUITests.debug.xcconfig */,
				34DEC6B73B583F673E675031 /* Pods-24TodoUITests.release.xcconfig */,
			);
			name = Pods;
			sourceTree = "<group>";
		};
/* End PBXGroup section */

/* Begin PBXNativeTarget section */
		A44F7ED9224468D800E48FE9 /* 24Todo */ = {
			isa = PBXNativeTarget;
			buildConfigurationList = A44F7F05224468D800E48FE9 /* Build configuration list for PBXNativeTarget "24Todo" */;
			buildPhases = (
				1D2252377DDEBEE3011E552A /* [CP] Check Pods Manifest.lock */,
				A44F7ED6224468D800E48FE9 /* Sources */,
				A44F7ED7224468D800E48FE9 /* Frameworks */,
				A44F7ED8224468D800E48FE9 /* Resources */,
				76FC01C468F3E0224E2C31CC /* [CP] Embed Pods Frameworks */,
			);
			buildRules = (
			);
			dependencies = (
			);
			name = 24Todo;
			productName = 24Todo;
			productReference = A44F7EDA224468D800E48FE9 /* 24Todo.app */;
			productType = "com.apple.product-type.application";
		};
		A44F7EF0224468D800E48FE9 /* 24TodoTests */ = {
			isa = PBXNativeTarget;
			buildConfigurationList = A44F7F08224468D800E48FE9 /* Build configuration list for PBXNativeTarget "24TodoTests" */;
			buildPhases = (
				3A504F666873107B510A6AE8 /* [CP] Check Pods Manifest.lock */,
				A44F7EED224468D800E48FE9 /* Sources */,
				A44F7EEE224468D800E48FE9 /* Frameworks */,
				A44F7EEF224468D800E48FE9 /* Resources */,
			);
			buildRules = (
			);
			dependencies = (
				A44F7EF3224468D800E48FE9 /* PBXTargetDependency */,
			);
			name = 24TodoTests;
			productName = 24TodoTests;
			productReference = A44F7EF1224468D800E48FE9 /* 24TodoTests.xctest */;
			productType = "com.apple.product-type.bundle.unit-test";
		};
		A44F7EFB224468D800E48FE9 /* 24TodoUITests */ = {
			isa = PBXNativeTarget;
			buildConfigurationList = A44F7F0B224468D800E48FE9 /* Build configuration list for PBXNativeTarget "24TodoUITests" */;
			buildPhases = (
				A151F0AE18DD3968430DEE79 /* [CP] Check Pods Manifest.lock */,
				A44F7EF8224468D800E48FE9 /* Sources */,
				A44F7EF9224468D800E48FE9 /* Frameworks */,
				A44F7EFA224468D800E48FE9 /* Resources */,
			);
			buildRules = (
			);
			dependencies = (
				A44F7EFE224468D800E48FE9 /* PBXTargetDependency */,
			);
			name = 24TodoUITests;
			productName = 24TodoUITests;
			productReference = A44F7EFC224468D800E48FE9 /* 24TodoUITests.xctest */;
			productType = "com.apple.product-type.bundle.ui-testing";
		};
/* End PBXNativeTarget section */

/* Begin PBXProject section */
		A44F7ED2224468D800E48FE9 /* Project object */ = {
			isa = PBXProject;
			attributes = {
				LastSwiftUpdateCheck = 1010;
				LastUpgradeCheck = 1010;
				ORGANIZATIONNAME = "Prudhvi Gadiraju";
				TargetAttributes = {
					A44F7ED9224468D800E48FE9 = {
						CreatedOnToolsVersion = 10.1;
						LastSwiftMigration = 1020;
					};
					A44F7EF0224468D800E48FE9 = {
						CreatedOnToolsVersion = 10.1;
						LastSwiftMigration = 1020;
						TestTargetID = A44F7ED9224468D800E48FE9;
					};
					A44F7EFB224468D800E48FE9 = {
						CreatedOnToolsVersion = 10.1;
						LastSwiftMigration = 1020;
						TestTargetID = A44F7ED9224468D800E48FE9;
					};
				};
			};
			buildConfigurationList = A44F7ED5224468D800E48FE9 /* Build configuration list for PBXProject "24Todo" */;
			compatibilityVersion = "Xcode 9.3";
			developmentRegion = en;
			hasScannedForEncodings = 0;
			knownRegions = (
				en,
				Base,
			);
			mainGroup = A44F7ED1224468D800E48FE9;
			productRefGroup = A44F7EDB224468D800E48FE9 /* Products */;
			projectDirPath = "";
			projectRoot = "";
			targets = (
				A44F7ED9224468D800E48FE9 /* 24Todo */,
				A44F7EF0224468D800E48FE9 /* 24TodoTests */,
				A44F7EFB224468D800E48FE9 /* 24TodoUITests */,
			);
		};
/* End PBXProject section */

/* Begin PBXResourcesBuildPhase section */
		A44F7ED8224468D800E48FE9 /* Resources */ = {
			isa = PBXResourcesBuildPhase;
			buildActionMask = 2147483647;
			files = (
				A429A613225970FD00C4AB81 /* Montserrat-Regular.ttf in Resources */,
				A429A60C225970FD00C4AB81 /* Montserrat-Thin.ttf in Resources */,
				A429A612225970FD00C4AB81 /* Montserrat-Bold.ttf in Resources */,
				A429A60D225970FD00C4AB81 /* Montserrat-SemiBold.ttf in Resources */,
				A429A606225970FD00C4AB81 /* Montserrat-ExtraLight.ttf in Resources */,
				A429A662225AFDA900C4AB81 /* ItemCompletionAnimation_gold.json in Resources */,
				A44F7EE8224468D800E48FE9 /* Assets.xcassets in Resources */,
				A429A609225970FD00C4AB81 /* Montserrat-Black.ttf in Resources */,
				A429A615225970FD00C4AB81 /* Montserrat-Medium.ttf in Resources */,
				A429A616225970FD00C4AB81 /* Montserrat-ExtraBold.ttf in Resources */,
				A429A610225970FD00C4AB81 /* Montserrat-Light.ttf in Resources */,
				A429A666225AFDA900C4AB81 /* ItemCompletionAnimation_blue.json in Resources */,
				A429A664225AFDA900C4AB81 /* ItemCompletionAnimation_orange.json in Resources */,
				A429A665225AFDA900C4AB81 /* ItemCompletionAnimation_purple.json in Resources */,
				A429A661225AFDA900C4AB81 /* ItemCompletionAnimation_green.json in Resources */,
				A429A663225AFDA900C4AB81 /* ItemCompletionAnimation_red.json in Resources */,
			);
			runOnlyForDeploymentPostprocessing = 0;
		};
		A44F7EEF224468D800E48FE9 /* Resources */ = {
			isa = PBXResourcesBuildPhase;
			buildActionMask = 2147483647;
			files = (
			);
			runOnlyForDeploymentPostprocessing = 0;
		};
		A44F7EFA224468D800E48FE9 /* Resources */ = {
			isa = PBXResourcesBuildPhase;
			buildActionMask = 2147483647;
			files = (
			);
			runOnlyForDeploymentPostprocessing = 0;
		};
/* End PBXResourcesBuildPhase section */

/* Begin PBXShellScriptBuildPhase section */
		1D2252377DDEBEE3011E552A /* [CP] Check Pods Manifest.lock */ = {
			isa = PBXShellScriptBuildPhase;
			buildActionMask = 2147483647;
			files = (
			);
			inputFileListPaths = (
			);
			inputPaths = (
				"${PODS_PODFILE_DIR_PATH}/Podfile.lock",
				"${PODS_ROOT}/Manifest.lock",
			);
			name = "[CP] Check Pods Manifest.lock";
			outputFileListPaths = (
			);
			outputPaths = (
				"$(DERIVED_FILE_DIR)/Pods-24Todo-checkManifestLockResult.txt",
			);
			runOnlyForDeploymentPostprocessing = 0;
			shellPath = /bin/sh;
			shellScript = "diff \"${PODS_PODFILE_DIR_PATH}/Podfile.lock\" \"${PODS_ROOT}/Manifest.lock\" > /dev/null\nif [ $? != 0 ] ; then\n    # print error to STDERR\n    echo \"error: The sandbox is not in sync with the Podfile.lock. Run 'pod install' or update your CocoaPods installation.\" >&2\n    exit 1\nfi\n# This output is used by Xcode 'outputs' to avoid re-running this script phase.\necho \"SUCCESS\" > \"${SCRIPT_OUTPUT_FILE_0}\"\n";
			showEnvVarsInLog = 0;
		};
		3A504F666873107B510A6AE8 /* [CP] Check Pods Manifest.lock */ = {
			isa = PBXShellScriptBuildPhase;
			buildActionMask = 2147483647;
			files = (
			);
			inputFileListPaths = (
			);
			inputPaths = (
				"${PODS_PODFILE_DIR_PATH}/Podfile.lock",
				"${PODS_ROOT}/Manifest.lock",
			);
			name = "[CP] Check Pods Manifest.lock";
			outputFileListPaths = (
			);
			outputPaths = (
				"$(DERIVED_FILE_DIR)/Pods-24TodoTests-checkManifestLockResult.txt",
			);
			runOnlyForDeploymentPostprocessing = 0;
			shellPath = /bin/sh;
			shellScript = "diff \"${PODS_PODFILE_DIR_PATH}/Podfile.lock\" \"${PODS_ROOT}/Manifest.lock\" > /dev/null\nif [ $? != 0 ] ; then\n    # print error to STDERR\n    echo \"error: The sandbox is not in sync with the Podfile.lock. Run 'pod install' or update your CocoaPods installation.\" >&2\n    exit 1\nfi\n# This output is used by Xcode 'outputs' to avoid re-running this script phase.\necho \"SUCCESS\" > \"${SCRIPT_OUTPUT_FILE_0}\"\n";
			showEnvVarsInLog = 0;
		};
		76FC01C468F3E0224E2C31CC /* [CP] Embed Pods Frameworks */ = {
			isa = PBXShellScriptBuildPhase;
			buildActionMask = 2147483647;
			files = (
			);
			inputFileListPaths = (
			);
			inputPaths = (
				"${SRCROOT}/Pods/Target Support Files/Pods-24Todo/Pods-24Todo-frameworks.sh",
				"${BUILT_PRODUCTS_DIR}/lottie-ios/Lottie.framework",
			);
			name = "[CP] Embed Pods Frameworks";
			outputFileListPaths = (
			);
			outputPaths = (
				"${TARGET_BUILD_DIR}/${FRAMEWORKS_FOLDER_PATH}/Lottie.framework",
			);
			runOnlyForDeploymentPostprocessing = 0;
			shellPath = /bin/sh;
			shellScript = "\"${SRCROOT}/Pods/Target Support Files/Pods-24Todo/Pods-24Todo-frameworks.sh\"\n";
			showEnvVarsInLog = 0;
		};
		A151F0AE18DD3968430DEE79 /* [CP] Check Pods Manifest.lock */ = {
			isa = PBXShellScriptBuildPhase;
			buildActionMask = 2147483647;
			files = (
			);
			inputFileListPaths = (
			);
			inputPaths = (
				"${PODS_PODFILE_DIR_PATH}/Podfile.lock",
				"${PODS_ROOT}/Manifest.lock",
			);
			name = "[CP] Check Pods Manifest.lock";
			outputFileListPaths = (
			);
			outputPaths = (
				"$(DERIVED_FILE_DIR)/Pods-24TodoUITests-checkManifestLockResult.txt",
			);
			runOnlyForDeploymentPostprocessing = 0;
			shellPath = /bin/sh;
			shellScript = "diff \"${PODS_PODFILE_DIR_PATH}/Podfile.lock\" \"${PODS_ROOT}/Manifest.lock\" > /dev/null\nif [ $? != 0 ] ; then\n    # print error to STDERR\n    echo \"error: The sandbox is not in sync with the Podfile.lock. Run 'pod install' or update your CocoaPods installation.\" >&2\n    exit 1\nfi\n# This output is used by Xcode 'outputs' to avoid re-running this script phase.\necho \"SUCCESS\" > \"${SCRIPT_OUTPUT_FILE_0}\"\n";
			showEnvVarsInLog = 0;
		};
/* End PBXShellScriptBuildPhase section */

/* Begin PBXSourcesBuildPhase section */
		A44F7ED6224468D800E48FE9 /* Sources */ = {
			isa = PBXSourcesBuildPhase;
			buildActionMask = 2147483647;
			files = (
				A471E016224ECC0700AA30B0 /* Item.swift in Sources */,
				A471E01E224F146D00AA30B0 /* Notifications.swift in Sources */,
				A44F7F0F22446A0B00E48FE9 /* ListView.swift in Sources */,
				A4FC5DE32256CFDA007E6542 /* UIView.swift in Sources */,
				A429A5E82259056A00C4AB81 /* CustomCalendarDayLayout.swift in Sources */,
				A471E020224F186300AA30B0 /* ItemView.swift in Sources */,
				A429A65A225AD51800C4AB81 /* Data.swift in Sources */,
				A471E0222251ADC500AA30B0 /* DayView.swift in Sources */,
				A429A5EA22593D8800C4AB81 /* HourDecorationView.swift in Sources */,
				A471E01B224F055A00AA30B0 /* ItemCell.swift in Sources */,
				A429A652225AA91F00C4AB81 /* Enums.swift in Sources */,
				A429A656225AB28E00C4AB81 /* InputAccessoryView.swift in Sources */,
				A429A618225971AF00C4AB81 /* Theme.swift in Sources */,
				A429A6492259CD8300C4AB81 /* AlwaysLargeNavController.swift in Sources */,
				A429A61A225985D700C4AB81 /* UITextField.swift in Sources */,
				A44F7EE6224468D800E48FE9 /* _4Todo.xcdatamodeld in Sources */,
				A429A64F225AA82200C4AB81 /* NamedUITextView.swift in Sources */,
				A429A5F122594FBC00C4AB81 /* HourDecorationViewAttributes.swift in Sources */,
				A429A64B225A76F800C4AB81 /* ItemViewController.swift in Sources */,
				A429A5E42259046B00C4AB81 /* Date.swift in Sources */,
				A4FC5DE42256CFDA007E6542 /* UIColor.swift in Sources */,
				A44F7EE0224468D800E48FE9 /* MainViewController.swift in Sources */,
				A44F7EDE224468D800E48FE9 /* AppDelegate.swift in Sources */,
				A429A5EF22594F6F00C4AB81 /* Protocols.swift in Sources */,
				A429A668225B236800C4AB81 /* ColorPickerView.swift in Sources */,
				A4FC5DE22256CFDA007E6542 /* UIimageView.swift in Sources */,
			);
			runOnlyForDeploymentPostprocessing = 0;
		};
		A44F7EED224468D800E48FE9 /* Sources */ = {
			isa = PBXSourcesBuildPhase;
			buildActionMask = 2147483647;
			files = (
				A44F7EF6224468D800E48FE9 /* _4TodoTests.swift in Sources */,
			);
			runOnlyForDeploymentPostprocessing = 0;
		};
		A44F7EF8224468D800E48FE9 /* Sources */ = {
			isa = PBXSourcesBuildPhase;
			buildActionMask = 2147483647;
			files = (
				A44F7F01224468D800E48FE9 /* _4TodoUITests.swift in Sources */,
			);
			runOnlyForDeploymentPostprocessing = 0;
		};
/* End PBXSourcesBuildPhase section */

/* Begin PBXTargetDependency section */
		A44F7EF3224468D800E48FE9 /* PBXTargetDependency */ = {
			isa = PBXTargetDependency;
			target = A44F7ED9224468D800E48FE9 /* 24Todo */;
			targetProxy = A44F7EF2224468D800E48FE9 /* PBXContainerItemProxy */;
		};
		A44F7EFE224468D800E48FE9 /* PBXTargetDependency */ = {
			isa = PBXTargetDependency;
			target = A44F7ED9224468D800E48FE9 /* 24Todo */;
			targetProxy = A44F7EFD224468D800E48FE9 /* PBXContainerItemProxy */;
		};
/* End PBXTargetDependency section */

/* Begin XCBuildConfiguration section */
		A44F7F03224468D800E48FE9 /* Debug */ = {
			isa = XCBuildConfiguration;
			buildSettings = {
				ALWAYS_SEARCH_USER_PATHS = NO;
				CLANG_ANALYZER_NONNULL = YES;
				CLANG_ANALYZER_NUMBER_OBJECT_CONVERSION = YES_AGGRESSIVE;
				CLANG_CXX_LANGUAGE_STANDARD = "gnu++14";
				CLANG_CXX_LIBRARY = "libc++";
				CLANG_ENABLE_MODULES = YES;
				CLANG_ENABLE_OBJC_ARC = YES;
				CLANG_ENABLE_OBJC_WEAK = YES;
				CLANG_WARN_BLOCK_CAPTURE_AUTORELEASING = YES;
				CLANG_WARN_BOOL_CONVERSION = YES;
				CLANG_WARN_COMMA = YES;
				CLANG_WARN_CONSTANT_CONVERSION = YES;
				CLANG_WARN_DEPRECATED_OBJC_IMPLEMENTATIONS = YES;
				CLANG_WARN_DIRECT_OBJC_ISA_USAGE = YES_ERROR;
				CLANG_WARN_DOCUMENTATION_COMMENTS = YES;
				CLANG_WARN_EMPTY_BODY = YES;
				CLANG_WARN_ENUM_CONVERSION = YES;
				CLANG_WARN_INFINITE_RECURSION = YES;
				CLANG_WARN_INT_CONVERSION = YES;
				CLANG_WARN_NON_LITERAL_NULL_CONVERSION = YES;
				CLANG_WARN_OBJC_IMPLICIT_RETAIN_SELF = YES;
				CLANG_WARN_OBJC_LITERAL_CONVERSION = YES;
				CLANG_WARN_OBJC_ROOT_CLASS = YES_ERROR;
				CLANG_WARN_RANGE_LOOP_ANALYSIS = YES;
				CLANG_WARN_STRICT_PROTOTYPES = YES;
				CLANG_WARN_SUSPICIOUS_MOVE = YES;
				CLANG_WARN_UNGUARDED_AVAILABILITY = YES_AGGRESSIVE;
				CLANG_WARN_UNREACHABLE_CODE = YES;
				CLANG_WARN__DUPLICATE_METHOD_MATCH = YES;
				CODE_SIGN_IDENTITY = "iPhone Developer";
				COPY_PHASE_STRIP = NO;
				DEBUG_INFORMATION_FORMAT = dwarf;
				ENABLE_STRICT_OBJC_MSGSEND = YES;
				ENABLE_TESTABILITY = YES;
				GCC_C_LANGUAGE_STANDARD = gnu11;
				GCC_DYNAMIC_NO_PIC = NO;
				GCC_NO_COMMON_BLOCKS = YES;
				GCC_OPTIMIZATION_LEVEL = 0;
				GCC_PREPROCESSOR_DEFINITIONS = (
					"DEBUG=1",
					"$(inherited)",
				);
				GCC_WARN_64_TO_32_BIT_CONVERSION = YES;
				GCC_WARN_ABOUT_RETURN_TYPE = YES_ERROR;
				GCC_WARN_UNDECLARED_SELECTOR = YES;
				GCC_WARN_UNINITIALIZED_AUTOS = YES_AGGRESSIVE;
				GCC_WARN_UNUSED_FUNCTION = YES;
				GCC_WARN_UNUSED_VARIABLE = YES;
				IPHONEOS_DEPLOYMENT_TARGET = 12.1;
				MTL_ENABLE_DEBUG_INFO = INCLUDE_SOURCE;
				MTL_FAST_MATH = YES;
				ONLY_ACTIVE_ARCH = YES;
				SDKROOT = iphoneos;
				SWIFT_ACTIVE_COMPILATION_CONDITIONS = DEBUG;
				SWIFT_OPTIMIZATION_LEVEL = "-Onone";
			};
			name = Debug;
		};
		A44F7F04224468D800E48FE9 /* Release */ = {
			isa = XCBuildConfiguration;
			buildSettings = {
				ALWAYS_SEARCH_USER_PATHS = NO;
				CLANG_ANALYZER_NONNULL = YES;
				CLANG_ANALYZER_NUMBER_OBJECT_CONVERSION = YES_AGGRESSIVE;
				CLANG_CXX_LANGUAGE_STANDARD = "gnu++14";
				CLANG_CXX_LIBRARY = "libc++";
				CLANG_ENABLE_MODULES = YES;
				CLANG_ENABLE_OBJC_ARC = YES;
				CLANG_ENABLE_OBJC_WEAK = YES;
				CLANG_WARN_BLOCK_CAPTURE_AUTORELEASING = YES;
				CLANG_WARN_BOOL_CONVERSION = YES;
				CLANG_WARN_COMMA = YES;
				CLANG_WARN_CONSTANT_CONVERSION = YES;
				CLANG_WARN_DEPRECATED_OBJC_IMPLEMENTATIONS = YES;
				CLANG_WARN_DIRECT_OBJC_ISA_USAGE = YES_ERROR;
				CLANG_WARN_DOCUMENTATION_COMMENTS = YES;
				CLANG_WARN_EMPTY_BODY = YES;
				CLANG_WARN_ENUM_CONVERSION = YES;
				CLANG_WARN_INFINITE_RECURSION = YES;
				CLANG_WARN_INT_CONVERSION = YES;
				CLANG_WARN_NON_LITERAL_NULL_CONVERSION = YES;
				CLANG_WARN_OBJC_IMPLICIT_RETAIN_SELF = YES;
				CLANG_WARN_OBJC_LITERAL_CONVERSION = YES;
				CLANG_WARN_OBJC_ROOT_CLASS = YES_ERROR;
				CLANG_WARN_RANGE_LOOP_ANALYSIS = YES;
				CLANG_WARN_STRICT_PROTOTYPES = YES;
				CLANG_WARN_SUSPICIOUS_MOVE = YES;
				CLANG_WARN_UNGUARDED_AVAILABILITY = YES_AGGRESSIVE;
				CLANG_WARN_UNREACHABLE_CODE = YES;
				CLANG_WARN__DUPLICATE_METHOD_MATCH = YES;
				CODE_SIGN_IDENTITY = "iPhone Developer";
				COPY_PHASE_STRIP = NO;
				DEBUG_INFORMATION_FORMAT = "dwarf-with-dsym";
				ENABLE_NS_ASSERTIONS = NO;
				ENABLE_STRICT_OBJC_MSGSEND = YES;
				GCC_C_LANGUAGE_STANDARD = gnu11;
				GCC_NO_COMMON_BLOCKS = YES;
				GCC_WARN_64_TO_32_BIT_CONVERSION = YES;
				GCC_WARN_ABOUT_RETURN_TYPE = YES_ERROR;
				GCC_WARN_UNDECLARED_SELECTOR = YES;
				GCC_WARN_UNINITIALIZED_AUTOS = YES_AGGRESSIVE;
				GCC_WARN_UNUSED_FUNCTION = YES;
				GCC_WARN_UNUSED_VARIABLE = YES;
				IPHONEOS_DEPLOYMENT_TARGET = 12.1;
				MTL_ENABLE_DEBUG_INFO = NO;
				MTL_FAST_MATH = YES;
				SDKROOT = iphoneos;
				SWIFT_COMPILATION_MODE = wholemodule;
				SWIFT_OPTIMIZATION_LEVEL = "-O";
				VALIDATE_PRODUCT = YES;
			};
			name = Release;
		};
		A44F7F06224468D800E48FE9 /* Debug */ = {
			isa = XCBuildConfiguration;
			baseConfigurationReference = CE97EF3750DA7EE15013107B /* Pods-24Todo.debug.xcconfig */;
			buildSettings = {
				ASSETCATALOG_COMPILER_APPICON_NAME = AppIcon;
				CODE_SIGN_STYLE = Automatic;
				DEVELOPMENT_TEAM = 4479HNAQMJ;
				INFOPLIST_FILE = 24Todo/Info.plist;
				LD_RUNPATH_SEARCH_PATHS = (
					"$(inherited)",
					"@executable_path/Frameworks",
				);
				PRODUCT_BUNDLE_IDENTIFIER = "me.prudhvi.-4Todo";
				PRODUCT_NAME = "$(TARGET_NAME)";
				SWIFT_VERSION = 5.0;
				TARGETED_DEVICE_FAMILY = "1,2";
			};
			name = Debug;
		};
		A44F7F07224468D800E48FE9 /* Release */ = {
			isa = XCBuildConfiguration;
			baseConfigurationReference = 3C3F1B21C11B2B19A72A06DC /* Pods-24Todo.release.xcconfig */;
			buildSettings = {
				ASSETCATALOG_COMPILER_APPICON_NAME = AppIcon;
				CODE_SIGN_STYLE = Automatic;
				DEVELOPMENT_TEAM = 4479HNAQMJ;
				INFOPLIST_FILE = 24Todo/Info.plist;
				LD_RUNPATH_SEARCH_PATHS = (
					"$(inherited)",
					"@executable_path/Frameworks",
				);
				PRODUCT_BUNDLE_IDENTIFIER = "me.prudhvi.-4Todo";
				PRODUCT_NAME = "$(TARGET_NAME)";
				SWIFT_VERSION = 5.0;
				TARGETED_DEVICE_FAMILY = "1,2";
			};
			name = Release;
		};
		A44F7F09224468D800E48FE9 /* Debug */ = {
			isa = XCBuildConfiguration;
			baseConfigurationReference = EDEEF0FA2EABA2465675D0D3 /* Pods-24TodoTests.debug.xcconfig */;
			buildSettings = {
				ALWAYS_EMBED_SWIFT_STANDARD_LIBRARIES = YES;
				BUNDLE_LOADER = "$(TEST_HOST)";
				CODE_SIGN_STYLE = Automatic;
				DEVELOPMENT_TEAM = 4479HNAQMJ;
				INFOPLIST_FILE = 24TodoTests/Info.plist;
				LD_RUNPATH_SEARCH_PATHS = (
					"$(inherited)",
					"@executable_path/Frameworks",
					"@loader_path/Frameworks",
				);
				PRODUCT_BUNDLE_IDENTIFIER = "me.prudhvi.-4TodoTests";
				PRODUCT_NAME = "$(TARGET_NAME)";
				SWIFT_VERSION = 5.0;
				TARGETED_DEVICE_FAMILY = "1,2";
				TEST_HOST = "$(BUILT_PRODUCTS_DIR)/24Todo.app/24Todo";
			};
			name = Debug;
		};
		A44F7F0A224468D800E48FE9 /* Release */ = {
			isa = XCBuildConfiguration;
			baseConfigurationReference = F1CBDD0F4A9D3E6632A6E187 /* Pods-24TodoTests.release.xcconfig */;
			buildSettings = {
				ALWAYS_EMBED_SWIFT_STANDARD_LIBRARIES = YES;
				BUNDLE_LOADER = "$(TEST_HOST)";
				CODE_SIGN_STYLE = Automatic;
				DEVELOPMENT_TEAM = 4479HNAQMJ;
				INFOPLIST_FILE = 24TodoTests/Info.plist;
				LD_RUNPATH_SEARCH_PATHS = (
					"$(inherited)",
					"@executable_path/Frameworks",
					"@loader_path/Frameworks",
				);
				PRODUCT_BUNDLE_IDENTIFIER = "me.prudhvi.-4TodoTests";
				PRODUCT_NAME = "$(TARGET_NAME)";
				SWIFT_VERSION = 5.0;
				TARGETED_DEVICE_FAMILY = "1,2";
				TEST_HOST = "$(BUILT_PRODUCTS_DIR)/24Todo.app/24Todo";
			};
			name = Release;
		};
		A44F7F0C224468D800E48FE9 /* Debug */ = {
			isa = XCBuildConfiguration;
			baseConfigurationReference = 18468607C2839FF597CCE7FE /* Pods-24TodoUITests.debug.xcconfig */;
			buildSettings = {
				ALWAYS_EMBED_SWIFT_STANDARD_LIBRARIES = YES;
				CODE_SIGN_STYLE = Automatic;
				DEVELOPMENT_TEAM = 4479HNAQMJ;
				INFOPLIST_FILE = 24TodoUITests/Info.plist;
				LD_RUNPATH_SEARCH_PATHS = (
					"$(inherited)",
					"@executable_path/Frameworks",
					"@loader_path/Frameworks",
				);
				PRODUCT_BUNDLE_IDENTIFIER = "me.prudhvi.-4TodoUITests";
				PRODUCT_NAME = "$(TARGET_NAME)";
				SWIFT_VERSION = 5.0;
				TARGETED_DEVICE_FAMILY = "1,2";
				TEST_TARGET_NAME = 24Todo;
			};
			name = Debug;
		};
		A44F7F0D224468D800E48FE9 /* Release */ = {
			isa = XCBuildConfiguration;
			baseConfigurationReference = 34DEC6B73B583F673E675031 /* Pods-24TodoUITests.release.xcconfig */;
			buildSettings = {
				ALWAYS_EMBED_SWIFT_STANDARD_LIBRARIES = YES;
				CODE_SIGN_STYLE = Automatic;
				DEVELOPMENT_TEAM = 4479HNAQMJ;
				INFOPLIST_FILE = 24TodoUITests/Info.plist;
				LD_RUNPATH_SEARCH_PATHS = (
					"$(inherited)",
					"@executable_path/Frameworks",
					"@loader_path/Frameworks",
				);
				PRODUCT_BUNDLE_IDENTIFIER = "me.prudhvi.-4TodoUITests";
				PRODUCT_NAME = "$(TARGET_NAME)";
				SWIFT_VERSION = 5.0;
				TARGETED_DEVICE_FAMILY = "1,2";
				TEST_TARGET_NAME = 24Todo;
			};
			name = Release;
		};
/* End XCBuildConfiguration section */

/* Begin XCConfigurationList section */
		A44F7ED5224468D800E48FE9 /* Build configuration list for PBXProject "24Todo" */ = {
			isa = XCConfigurationList;
			buildConfigurations = (
				A44F7F03224468D800E48FE9 /* Debug */,
				A44F7F04224468D800E48FE9 /* Release */,
			);
			defaultConfigurationIsVisible = 0;
			defaultConfigurationName = Release;
		};
		A44F7F05224468D800E48FE9 /* Build configuration list for PBXNativeTarget "24Todo" */ = {
			isa = XCConfigurationList;
			buildConfigurations = (
				A44F7F06224468D800E48FE9 /* Debug */,
				A44F7F07224468D800E48FE9 /* Release */,
			);
			defaultConfigurationIsVisible = 0;
			defaultConfigurationName = Release;
		};
		A44F7F08224468D800E48FE9 /* Build configuration list for PBXNativeTarget "24TodoTests" */ = {
			isa = XCConfigurationList;
			buildConfigurations = (
				A44F7F09224468D800E48FE9 /* Debug */,
				A44F7F0A224468D800E48FE9 /* Release */,
			);
			defaultConfigurationIsVisible = 0;
			defaultConfigurationName = Release;
		};
		A44F7F0B224468D800E48FE9 /* Build configuration list for PBXNativeTarget "24TodoUITests" */ = {
			isa = XCConfigurationList;
			buildConfigurations = (
				A44F7F0C224468D800E48FE9 /* Debug */,
				A44F7F0D224468D800E48FE9 /* Release */,
			);
			defaultConfigurationIsVisible = 0;
			defaultConfigurationName = Release;
		};
/* End XCConfigurationList section */

/* Begin XCVersionGroup section */
		A44F7EE4224468D800E48FE9 /* _4Todo.xcdatamodeld */ = {
			isa = XCVersionGroup;
			children = (
				A44F7EE5224468D800E48FE9 /* _4Todo.xcdatamodel */,
			);
			currentVersion = A44F7EE5224468D800E48FE9 /* _4Todo.xcdatamodel */;
			path = _4Todo.xcdatamodeld;
			sourceTree = "<group>";
			versionGroupType = wrapper.xcdatamodel;
		};
/* End XCVersionGroup section */
	};
	rootObject = A44F7ED2224468D800E48FE9 /* Project object */;
}
